
Microsoft Visual Studio Solution File, Format Version 12.00
# Visual Studio Version 16
VisualStudioVersion = 16.0.29102.190
MinimumVisualStudioVersion = 10.0.40219.1
Project("{9A19103F-16F7-4668-BE54-9A1E7A4F7556}") = "CarrosApiRest.Repository", "CarrosApiRest.Repository\CarrosApiRest.Repository.csproj", "{B6AD0A6A-CFED-40EF-AD14-E4E1B4848351}"
EndProject
Project("{9A19103F-16F7-4668-BE54-9A1E7A4F7556}") = "CarrosApiRest.Domain", "CarrosApiRest.Domain\CarrosApiRest.Domain.csproj", "{4EFF80CB-583A-4544-8163-858A8620D03D}"
EndProject
Project("{9A19103F-16F7-4668-BE54-9A1E7A4F7556}") = "CarrosApiRest.Business", "CarrosApiRest.Business\CarrosApiRest.Business.csproj", "{7887BA9B-1985-44C6-9260-0DFA5D9DADB9}"
EndProject
Project("{9A19103F-16F7-4668-BE54-9A1E7A4F7556}") = "CarrosApiRest.Service", "CarrosApiRest.Service\CarrosApiRest.Service.csproj", "{DA496E4F-E9C0-41E9-8E4D-79DC15F4A2A5}"
EndProject
Project("{9A19103F-16F7-4668-BE54-9A1E7A4F7556}") = "CarrosApiRest.Api", "CarrosApiRest.Api\CarrosApiRest.Api.csproj", "{8E9DE4A2-4A7D-4ACA-8537-DCED17051472}"
EndProject
Project("{FAE04EC0-301F-11D3-BF4B-00C04F79EFBC}") = "CarrosApiRest.Api.Test", "CarrosApiRest.Api.Test\CarrosApiRest.Api.Test.csproj", "{0D1C5B3A-91E6-4F16-8280-57F2C0A41400}"
EndProject
Global
	GlobalSection(SolutionConfigurationPlatforms) = preSolution
		Debug|Any CPU = Debug|Any CPU
		Release|Any CPU = Release|Any CPU
	EndGlobalSection
	GlobalSection(ProjectConfigurationPlatforms) = postSolution
		{B6AD0A6A-CFED-40EF-AD14-E4E1B4848351}.Debug|Any CPU.ActiveCfg = Debug|Any CPU
		{B6AD0A6A-CFED-40EF-AD14-E4E1B4848351}.Debug|Any CPU.Build.0 = Debug|Any CPU
		{B6AD0A6A-CFED-40EF-AD14-E4E1B4848351}.Release|Any CPU.ActiveCfg = Release|Any CPU
		{B6AD0A6A-CFED-40EF-AD14-E4E1B4848351}.Release|Any CPU.Build.0 = Release|Any CPU
		{4EFF80CB-583A-4544-8163-858A8620D03D}.Debug|Any CPU.ActiveCfg = Debug|Any CPU
		{4EFF80CB-583A-4544-8163-858A8620D03D}.Debug|Any CPU.Build.0 = Debug|Any CPU
		{4EFF80CB-583A-4544-8163-858A8620D03D}.Release|Any CPU.ActiveCfg = Release|Any CPU
		{4EFF80CB-583A-4544-8163-858A8620D03D}.Release|Any CPU.Build.0 = Release|Any CPU
		{7887BA9B-1985-44C6-9260-0DFA5D9DADB9}.Debug|Any CPU.ActiveCfg = Debug|Any CPU
		{7887BA9B-1985-44C6-9260-0DFA5D9DADB9}.Debug|Any CPU.Build.0 = Debug|Any CPU
		{7887BA9B-1985-44C6-9260-0DFA5D9DADB9}.Release|Any CPU.ActiveCfg = Release|Any CPU
		{7887BA9B-1985-44C6-9260-0DFA5D9DADB9}.Release|Any CPU.Build.0 = Release|Any CPU
		{DA496E4F-E9C0-41E9-8E4D-79DC15F4A2A5}.Debug|Any CPU.ActiveCfg = Debug|Any CPU
		{DA496E4F-E9C0-41E9-8E4D-79DC15F4A2A5}.Debug|Any CPU.Build.0 = Debug|Any CPU
		{DA496E4F-E9C0-41E9-8E4D-79DC15F4A2A5}.Release|Any CPU.ActiveCfg = Release|Any CPU
		{DA496E4F-E9C0-41E9-8E4D-79DC15F4A2A5}.Release|Any CPU.Build.0 = Release|Any CPU
		{8E9DE4A2-4A7D-4ACA-8537-DCED17051472}.Debug|Any CPU.ActiveCfg = Debug|Any CPU
		{8E9DE4A2-4A7D-4ACA-8537-DCED17051472}.Debug|Any CPU.Build.0 = Debug|Any CPU
		{8E9DE4A2-4A7D-4ACA-8537-DCED17051472}.Release|Any CPU.ActiveCfg = Release|Any CPU
		{8E9DE4A2-4A7D-4ACA-8537-DCED17051472}.Release|Any CPU.Build.0 = Release|Any CPU
		{0D1C5B3A-91E6-4F16-8280-57F2C0A41400}.Debug|Any CPU.ActiveCfg = Debug|Any CPU
		{0D1C5B3A-91E6-4F16-8280-57F2C0A41400}.Debug|Any CPU.Build.0 = Debug|Any CPU
		{0D1C5B3A-91E6-4F16-8280-57F2C0A41400}.Release|Any CPU.ActiveCfg = Release|Any CPU
		{0D1C5B3A-91E6-4F16-8280-57F2C0A41400}.Release|Any CPU.Build.0 = Release|Any CPU
	EndGlobalSection
	GlobalSection(SolutionProperties) = preSolution
		HideSolutionNode = FALSE
	EndGlobalSection
	GlobalSection(ExtensibilityGlobals) = postSolution
		SolutionGuid = {518E2B79-587D-4070-89D8-8CE9079340A1}
	EndGlobalSection
EndGlobal
